
Microsoft Visual Studio Solution File, Format Version 12.00
# Visual Studio Version 16
VisualStudioVersion = 16.0.31129.286
MinimumVisualStudioVersion = 10.0.40219.1
Project("{FAE04EC0-301F-11D3-BF4B-00C04F79EFBC}") = "Flashcards.Mobile.Android", "Flashcards.Mobile\Flashcards.Mobile.Android\Flashcards.Mobile.Android.csproj", "{CF7BB96D-6AA8-4F84-A94D-3F3FDED324F9}"
EndProject
Project("{FAE04EC0-301F-11D3-BF4B-00C04F79EFBC}") = "Flashcards.Mobile.iOS", "Flashcards.Mobile\Flashcards.Mobile.iOS\Flashcards.Mobile.iOS.csproj", "{7176E7DB-08FD-48DA-9538-FB1693F41D10}"
EndProject
Project("{9A19103F-16F7-4668-BE54-9A1E7A4F7556}") = "Flashcards.Mobile", "Flashcards.Mobile\Flashcards.Mobile\Flashcards.Mobile.csproj", "{AFAEBD31-A144-4D94-A64C-2156D92269E3}"
EndProject
Project("{2150E333-8FDC-42A3-9474-1A3956D46DE8}") = "Mobile", "Mobile", "{EAB3DC4A-A371-4450-9D11-372DD2001793}"
EndProject
Project("{9A19103F-16F7-4668-BE54-9A1E7A4F7556}") = "Flashcards", "Flashcards\Flashcards.csproj", "{59887848-4545-4EE9-96B8-7C2E12C848E8}"
EndProject
Project("{9A19103F-16F7-4668-BE54-9A1E7A4F7556}") = "Flashcards.Application", "Flashcards.Application\Flashcards.Application.csproj", "{2F3CAB88-5D6D-4160-B62C-7D3C7CE33D26}"
EndProject
Global
	GlobalSection(SolutionConfigurationPlatforms) = preSolution
		Debug|Any CPU = Debug|Any CPU
		Debug|iPhone = Debug|iPhone
		Debug|iPhoneSimulator = Debug|iPhoneSimulator
		Release|Any CPU = Release|Any CPU
		Release|iPhone = Release|iPhone
		Release|iPhoneSimulator = Release|iPhoneSimulator
	EndGlobalSection
	GlobalSection(ProjectConfigurationPlatforms) = postSolution
		{CF7BB96D-6AA8-4F84-A94D-3F3FDED324F9}.Debug|Any CPU.ActiveCfg = Debug|Any CPU
		{CF7BB96D-6AA8-4F84-A94D-3F3FDED324F9}.Debug|Any CPU.Build.0 = Debug|Any CPU
		{CF7BB96D-6AA8-4F84-A94D-3F3FDED324F9}.Debug|Any CPU.Deploy.0 = Debug|Any CPU
		{CF7BB96D-6AA8-4F84-A94D-3F3FDED324F9}.Debug|iPhone.ActiveCfg = Debug|Any CPU
		{CF7BB96D-6AA8-4F84-A94D-3F3FDED324F9}.Debug|iPhone.Build.0 = Debug|Any CPU
		{CF7BB96D-6AA8-4F84-A94D-3F3FDED324F9}.Debug|iPhone.Deploy.0 = Debug|Any CPU
		{CF7BB96D-6AA8-4F84-A94D-3F3FDED324F9}.Debug|iPhoneSimulator.ActiveCfg = Debug|Any CPU
		{CF7BB96D-6AA8-4F84-A94D-3F3FDED324F9}.Debug|iPhoneSimulator.Build.0 = Debug|Any CPU
		{CF7BB96D-6AA8-4F84-A94D-3F3FDED324F9}.Debug|iPhoneSimulator.Deploy.0 = Debug|Any CPU
		{CF7BB96D-6AA8-4F84-A94D-3F3FDED324F9}.Release|Any CPU.ActiveCfg = Release|Any CPU
		{CF7BB96D-6AA8-4F84-A94D-3F3FDED324F9}.Release|Any CPU.Build.0 = Release|Any CPU
		{CF7BB96D-6AA8-4F84-A94D-3F3FDED324F9}.Release|Any CPU.Deploy.0 = Release|Any CPU
		{CF7BB96D-6AA8-4F84-A94D-3F3FDED324F9}.Release|iPhone.ActiveCfg = Release|Any CPU
		{CF7BB96D-6AA8-4F84-A94D-3F3FDED324F9}.Release|iPhone.Build.0 = Release|Any CPU
		{CF7BB96D-6AA8-4F84-A94D-3F3FDED324F9}.Release|iPhone.Deploy.0 = Release|Any CPU
		{CF7BB96D-6AA8-4F84-A94D-3F3FDED324F9}.Release|iPhoneSimulator.ActiveCfg = Release|Any CPU
		{CF7BB96D-6AA8-4F84-A94D-3F3FDED324F9}.Release|iPhoneSimulator.Build.0 = Release|Any CPU
		{CF7BB96D-6AA8-4F84-A94D-3F3FDED324F9}.Release|iPhoneSimulator.Deploy.0 = Release|Any CPU
		{7176E7DB-08FD-48DA-9538-FB1693F41D10}.Debug|Any CPU.ActiveCfg = Debug|iPhone
		{7176E7DB-08FD-48DA-9538-FB1693F41D10}.Debug|Any CPU.Build.0 = Debug|iPhone
		{7176E7DB-08FD-48DA-9538-FB1693F41D10}.Debug|Any CPU.Deploy.0 = Debug|iPhone
		{7176E7DB-08FD-48DA-9538-FB1693F41D10}.Debug|iPhone.ActiveCfg = Debug|iPhone
		{7176E7DB-08FD-48DA-9538-FB1693F41D10}.Debug|iPhone.Build.0 = Debug|iPhone
		{7176E7DB-08FD-48DA-9538-FB1693F41D10}.Debug|iPhone.Deploy.0 = Debug|iPhone
		{7176E7DB-08FD-48DA-9538-FB1693F41D10}.Debug|iPhoneSimulator.ActiveCfg = Debug|iPhoneSimulator
		{7176E7DB-08FD-48DA-9538-FB1693F41D10}.Debug|iPhoneSimulator.Build.0 = Debug|iPhoneSimulator
		{7176E7DB-08FD-48DA-9538-FB1693F41D10}.Debug|iPhoneSimulator.Deploy.0 = Debug|iPhoneSimulator
		{7176E7DB-08FD-48DA-9538-FB1693F41D10}.Release|Any CPU.ActiveCfg = Release|iPhoneSimulator
		{7176E7DB-08FD-48DA-9538-FB1693F41D10}.Release|Any CPU.Build.0 = Release|iPhoneSimulator
		{7176E7DB-08FD-48DA-9538-FB1693F41D10}.Release|Any CPU.Deploy.0 = Release|iPhoneSimulator
		{7176E7DB-08FD-48DA-9538-FB1693F41D10}.Release|iPhone.ActiveCfg = Release|iPhone
		{7176E7DB-08FD-48DA-9538-FB1693F41D10}.Release|iPhone.Build.0 = Release|iPhone
		{7176E7DB-08FD-48DA-9538-FB1693F41D10}.Release|iPhone.Deploy.0 = Release|iPhone
		{7176E7DB-08FD-48DA-9538-FB1693F41D10}.Release|iPhoneSimulator.ActiveCfg = Release|iPhoneSimulator
		{7176E7DB-08FD-48DA-9538-FB1693F41D10}.Release|iPhoneSimulator.Build.0 = Release|iPhoneSimulator
		{7176E7DB-08FD-48DA-9538-FB1693F41D10}.Release|iPhoneSimulator.Deploy.0 = Release|iPhoneSimulator
		{AFAEBD31-A144-4D94-A64C-2156D92269E3}.Debug|Any CPU.ActiveCfg = Debug|Any CPU
		{AFAEBD31-A144-4D94-A64C-2156D92269E3}.Debug|Any CPU.Build.0 = Debug|Any CPU
		{AFAEBD31-A144-4D94-A64C-2156D92269E3}.Debug|Any CPU.Deploy.0 = Debug|Any CPU
		{AFAEBD31-A144-4D94-A64C-2156D92269E3}.Debug|iPhone.ActiveCfg = Debug|Any CPU
		{AFAEBD31-A144-4D94-A64C-2156D92269E3}.Debug|iPhone.Build.0 = Debug|Any CPU
		{AFAEBD31-A144-4D94-A64C-2156D92269E3}.Debug|iPhone.Deploy.0 = Debug|Any CPU
		{AFAEBD31-A144-4D94-A64C-2156D92269E3}.Debug|iPhoneSimulator.ActiveCfg = Debug|Any CPU
		{AFAEBD31-A144-4D94-A64C-2156D92269E3}.Debug|iPhoneSimulator.Build.0 = Debug|Any CPU
		{AFAEBD31-A144-4D94-A64C-2156D92269E3}.Debug|iPhoneSimulator.Deploy.0 = Debug|Any CPU
		{AFAEBD31-A144-4D94-A64C-2156D92269E3}.Release|Any CPU.ActiveCfg = Release|Any CPU
		{AFAEBD31-A144-4D94-A64C-2156D92269E3}.Release|Any CPU.Build.0 = Release|Any CPU
		{AFAEBD31-A144-4D94-A64C-2156D92269E3}.Release|Any CPU.Deploy.0 = Release|Any CPU
		{AFAEBD31-A144-4D94-A64C-2156D92269E3}.Release|iPhone.ActiveCfg = Release|Any CPU
		{AFAEBD31-A144-4D94-A64C-2156D92269E3}.Release|iPhone.Build.0 = Release|Any CPU
		{AFAEBD31-A144-4D94-A64C-2156D92269E3}.Release|iPhone.Deploy.0 = Release|Any CPU
		{AFAEBD31-A144-4D94-A64C-2156D92269E3}.Release|iPhoneSimulator.ActiveCfg = Release|Any CPU
		{AFAEBD31-A144-4D94-A64C-2156D92269E3}.Release|iPhoneSimulator.Build.0 = Release|Any CPU
		{AFAEBD31-A144-4D94-A64C-2156D92269E3}.Release|iPhoneSimulator.Deploy.0 = Release|Any CPU
		{59887848-4545-4EE9-96B8-7C2E12C848E8}.Debug|Any CPU.ActiveCfg = Debug|Any CPU
		{59887848-4545-4EE9-96B8-7C2E12C848E8}.Debug|Any CPU.Build.0 = Debug|Any CPU
		{59887848-4545-4EE9-96B8-7C2E12C848E8}.Debug|iPhone.ActiveCfg = Debug|Any CPU
		{59887848-4545-4EE9-96B8-7C2E12C848E8}.Debug|iPhone.Build.0 = Debug|Any CPU
		{59887848-4545-4EE9-96B8-7C2E12C848E8}.Debug|iPhoneSimulator.ActiveCfg = Debug|Any CPU
		{59887848-4545-4EE9-96B8-7C2E12C848E8}.Debug|iPhoneSimulator.Build.0 = Debug|Any CPU
		{59887848-4545-4EE9-96B8-7C2E12C848E8}.Release|Any CPU.ActiveCfg = Release|Any CPU
		{59887848-4545-4EE9-96B8-7C2E12C848E8}.Release|Any CPU.Build.0 = Release|Any CPU
		{59887848-4545-4EE9-96B8-7C2E12C848E8}.Release|iPhone.ActiveCfg = Release|Any CPU
		{59887848-4545-4EE9-96B8-7C2E12C848E8}.Release|iPhone.Build.0 = Release|Any CPU
		{59887848-4545-4EE9-96B8-7C2E12C848E8}.Release|iPhoneSimulator.ActiveCfg = Release|Any CPU
		{59887848-4545-4EE9-96B8-7C2E12C848E8}.Release|iPhoneSimulator.Build.0 = Release|Any CPU
		{2F3CAB88-5D6D-4160-B62C-7D3C7CE33D26}.Debug|Any CPU.ActiveCfg = Debug|Any CPU
		{2F3CAB88-5D6D-4160-B62C-7D3C7CE33D26}.Debug|Any CPU.Build.0 = Debug|Any CPU
		{2F3CAB88-5D6D-4160-B62C-7D3C7CE33D26}.Debug|iPhone.ActiveCfg = Debug|Any CPU
		{2F3CAB88-5D6D-4160-B62C-7D3C7CE33D26}.Debug|iPhone.Build.0 = Debug|Any CPU
		{2F3CAB88-5D6D-4160-B62C-7D3C7CE33D26}.Debug|iPhoneSimulator.ActiveCfg = Debug|Any CPU
		{2F3CAB88-5D6D-4160-B62C-7D3C7CE33D26}.Debug|iPhoneSimulator.Build.0 = Debug|Any CPU
		{2F3CAB88-5D6D-4160-B62C-7D3C7CE33D26}.Release|Any CPU.ActiveCfg = Release|Any CPU
		{2F3CAB88-5D6D-4160-B62C-7D3C7CE33D26}.Release|Any CPU.Build.0 = Release|Any CPU
		{2F3CAB88-5D6D-4160-B62C-7D3C7CE33D26}.Release|iPhone.ActiveCfg = Release|Any CPU
		{2F3CAB88-5D6D-4160-B62C-7D3C7CE33D26}.Release|iPhone.Build.0 = Release|Any CPU
		{2F3CAB88-5D6D-4160-B62C-7D3C7CE33D26}.Release|iPhoneSimulator.ActiveCfg = Release|Any CPU
		{2F3CAB88-5D6D-4160-B62C-7D3C7CE33D26}.Release|iPhoneSimulator.Build.0 = Release|Any CPU
	EndGlobalSection
	GlobalSection(SolutionProperties) = preSolution
		HideSolutionNode = FALSE
	EndGlobalSection
	GlobalSection(NestedProjects) = preSolution
		{CF7BB96D-6AA8-4F84-A94D-3F3FDED324F9} = {EAB3DC4A-A371-4450-9D11-372DD2001793}
		{7176E7DB-08FD-48DA-9538-FB1693F41D10} = {EAB3DC4A-A371-4450-9D11-372DD2001793}
		{AFAEBD31-A144-4D94-A64C-2156D92269E3} = {EAB3DC4A-A371-4450-9D11-372DD2001793}
	EndGlobalSection
	GlobalSection(ExtensibilityGlobals) = postSolution
		SolutionGuid = {799D22D8-F504-4A43-AD81-95A17FBF7464}
	EndGlobalSection
EndGlobal
